
Microsoft Visual Studio Solution File, Format Version 12.00
# Visual Studio Version 17
VisualStudioVersion = 17.6.33723.286
MinimumVisualStudioVersion = 10.0.40219.1
Project("{9A19103F-16F7-4668-BE54-9A1E7A4F7556}") = "StarwarsGame.Console.UI", "StarwarsGame.Console.UI\StarwarsGame.Console.UI.csproj", "{BF183216-08D5-4F66-9922-CA589F50DECB}"
EndProject
Project("{9A19103F-16F7-4668-BE54-9A1E7A4F7556}") = "StarwarsGame.Core.Models", "StarwarsGame.Core.Models\StarwarsGame.Core.Models.csproj", "{B37AB419-19F2-4A43-A324-40E38C75905E}"
EndProject
Project("{9A19103F-16F7-4668-BE54-9A1E7A4F7556}") = "ConsoleApp1", "ConsoleApp1\ConsoleApp1.csproj", "{BEBE266F-EBFA-40AB-958E-69B0CF165831}"
EndProject
Project("{2150E333-8FDC-42A3-9474-1A3956D46DE8}") = "Libs", "Libs", "{3CD39457-ADB2-4C05-A3E0-3F9A8199AE0F}"
EndProject
Project("{2150E333-8FDC-42A3-9474-1A3956D46DE8}") = "UI", "UI", "{D7102B7A-7629-40F9-9629-B0EFB4557916}"
EndProject
Project("{9A19103F-16F7-4668-BE54-9A1E7A4F7556}") = "StarwarsGame.Web.API.UI", "StarwarsGame.Web.API.UI\StarwarsGame.Web.API.UI.csproj", "{841B92D6-064B-44D3-9ACC-31ADFC6BFE3B}"
EndProject
Project("{FAE04EC0-301F-11D3-BF4B-00C04F79EFBC}") = "TestEmpty", "TestEmpty\TestEmpty.csproj", "{C111216C-28DA-4BF8-BB54-47402002CB6F}"
EndProject
Project("{FAE04EC0-301F-11D3-BF4B-00C04F79EFBC}") = "WebApiDotnetSeven", "WebApiDotnetSeven\WebApiDotnetSeven.csproj", "{E0912ECA-506A-4D1A-8395-4F309CAFD276}"
EndProject
Project("{FAE04EC0-301F-11D3-BF4B-00C04F79EFBC}") = "Starwarsgame.Core.Wookiees.Services", "Starwarsgame.Core.Services.Wookiees\Starwarsgame.Core.Wookiees.Services.csproj", "{CE8DF78D-DA7B-40D9-9628-D718C3F0D7AB}"
EndProject
Project("{2150E333-8FDC-42A3-9474-1A3956D46DE8}") = "Wookiees", "Wookiees", "{78638CAE-7B3C-44BA-89C4-4BBF27C71E83}"
EndProject
Project("{2150E333-8FDC-42A3-9474-1A3956D46DE8}") = "Infrastructure", "Infrastructure", "{789CEC96-B83B-425B-8FDB-496482B71D08}"
EndProject
Project("{2150E333-8FDC-42A3-9474-1A3956D46DE8}") = "Application", "Application", "{CECDEBF8-F8DC-4F80-A3CB-C4074041E752}"
EndProject
Project("{FAE04EC0-301F-11D3-BF4B-00C04F79EFBC}") = "Starwarsgame.Core.Wookiees.Application", "Starwarsgame.Core.Application.Wookiees\Starwarsgame.Core.Wookiees.Application.csproj", "{42F8A92A-E220-4A47-9F48-2775E51D45CA}"
EndProject
Project("{2150E333-8FDC-42A3-9474-1A3956D46DE8}") = "Learnings", "Learnings", "{97C137A5-F2B6-41C2-B0EB-4D9CAB221B51}"
EndProject
Project("{FAE04EC0-301F-11D3-BF4B-00C04F79EFBC}") = "RappelStructDecouverteRecord", "RappelStructDecouverteRecord\RappelStructDecouverteRecord.csproj", "{37AE9FD2-7F7D-438A-8181-1BFBD5912ED9}"
EndProject
Project("{2150E333-8FDC-42A3-9474-1A3956D46DE8}") = "Enemies", "Enemies", "{76AF666E-6C31-4574-8CCA-2ABEACD7DE15}"
EndProject
Project("{FAE04EC0-301F-11D3-BF4B-00C04F79EFBC}") = "StarwarsGame.Core.Models.Enemies", "StarwarsGame.Core.Models.Enemies\StarwarsGame.Core.Models.Enemies.csproj", "{4A8D8F26-7C9A-40D2-A245-5EABF371AAB7}"
EndProject
Project("{2150E333-8FDC-42A3-9474-1A3956D46DE8}") = "Framework", "Framework", "{23B2EE0E-5B15-44B7-8E5C-61C654166F22}"
EndProject
Project("{FAE04EC0-301F-11D3-BF4B-00C04F79EFBC}") = "StarwarsCo.Core.Services.Interfaces", "StarwarsCo.Core.Services.Interfaces\StarwarsCo.Core.Services.Interfaces.csproj", "{6863D112-F4EF-4556-85B8-35DFDE394632}"
EndProject
Project("{FAE04EC0-301F-11D3-BF4B-00C04F79EFBC}") = "Starwarsgame.Core.Enemies.Services", "Starwarsgame.Core.Enemies.Services\Starwarsgame.Core.Enemies.Services.csproj", "{74E4FF92-511A-4A59-AC25-6D2A629926A6}"
EndProject
Project("{2150E333-8FDC-42A3-9474-1A3956D46DE8}") = "Infrastructure", "Infrastructure", "{5805B42A-B06D-4E13-A8B0-F0BE11897174}"
EndProject
Project("{2150E333-8FDC-42A3-9474-1A3956D46DE8}") = "Application", "Application", "{225F21FC-8A10-48A6-BB16-FF60DBD0CD4E}"
EndProject
Project("{FAE04EC0-301F-11D3-BF4B-00C04F79EFBC}") = "Starwarsgame.Core.Enemies.Application", "Starwarsgame.Core.Enemies.Application\Starwarsgame.Core.Enemies.Application.csproj", "{2408F632-C5DD-4911-A5A2-45887690E6F2}"
EndProject
Global
	GlobalSection(SolutionConfigurationPlatforms) = preSolution
		Debug|Any CPU = Debug|Any CPU
		Release|Any CPU = Release|Any CPU
	EndGlobalSection
	GlobalSection(ProjectConfigurationPlatforms) = postSolution
		{BF183216-08D5-4F66-9922-CA589F50DECB}.Debug|Any CPU.ActiveCfg = Debug|Any CPU
		{BF183216-08D5-4F66-9922-CA589F50DECB}.Debug|Any CPU.Build.0 = Debug|Any CPU
		{BF183216-08D5-4F66-9922-CA589F50DECB}.Release|Any CPU.ActiveCfg = Release|Any CPU
		{BF183216-08D5-4F66-9922-CA589F50DECB}.Release|Any CPU.Build.0 = Release|Any CPU
		{B37AB419-19F2-4A43-A324-40E38C75905E}.Debug|Any CPU.ActiveCfg = Debug|Any CPU
		{B37AB419-19F2-4A43-A324-40E38C75905E}.Debug|Any CPU.Build.0 = Debug|Any CPU
		{B37AB419-19F2-4A43-A324-40E38C75905E}.Release|Any CPU.ActiveCfg = Release|Any CPU
		{B37AB419-19F2-4A43-A324-40E38C75905E}.Release|Any CPU.Build.0 = Release|Any CPU
		{BEBE266F-EBFA-40AB-958E-69B0CF165831}.Debug|Any CPU.ActiveCfg = Debug|Any CPU
		{BEBE266F-EBFA-40AB-958E-69B0CF165831}.Debug|Any CPU.Build.0 = Debug|Any CPU
		{BEBE266F-EBFA-40AB-958E-69B0CF165831}.Release|Any CPU.ActiveCfg = Release|Any CPU
		{BEBE266F-EBFA-40AB-958E-69B0CF165831}.Release|Any CPU.Build.0 = Release|Any CPU
		{841B92D6-064B-44D3-9ACC-31ADFC6BFE3B}.Debug|Any CPU.ActiveCfg = Debug|Any CPU
		{841B92D6-064B-44D3-9ACC-31ADFC6BFE3B}.Debug|Any CPU.Build.0 = Debug|Any CPU
		{841B92D6-064B-44D3-9ACC-31ADFC6BFE3B}.Release|Any CPU.ActiveCfg = Release|Any CPU
		{841B92D6-064B-44D3-9ACC-31ADFC6BFE3B}.Release|Any CPU.Build.0 = Release|Any CPU
		{C111216C-28DA-4BF8-BB54-47402002CB6F}.Debug|Any CPU.ActiveCfg = Debug|Any CPU
		{C111216C-28DA-4BF8-BB54-47402002CB6F}.Debug|Any CPU.Build.0 = Debug|Any CPU
		{C111216C-28DA-4BF8-BB54-47402002CB6F}.Release|Any CPU.ActiveCfg = Release|Any CPU
		{C111216C-28DA-4BF8-BB54-47402002CB6F}.Release|Any CPU.Build.0 = Release|Any CPU
		{E0912ECA-506A-4D1A-8395-4F309CAFD276}.Debug|Any CPU.ActiveCfg = Debug|Any CPU
		{E0912ECA-506A-4D1A-8395-4F309CAFD276}.Debug|Any CPU.Build.0 = Debug|Any CPU
		{E0912ECA-506A-4D1A-8395-4F309CAFD276}.Release|Any CPU.ActiveCfg = Release|Any CPU
		{E0912ECA-506A-4D1A-8395-4F309CAFD276}.Release|Any CPU.Build.0 = Release|Any CPU
		{CE8DF78D-DA7B-40D9-9628-D718C3F0D7AB}.Debug|Any CPU.ActiveCfg = Debug|Any CPU
		{CE8DF78D-DA7B-40D9-9628-D718C3F0D7AB}.Debug|Any CPU.Build.0 = Debug|Any CPU
		{CE8DF78D-DA7B-40D9-9628-D718C3F0D7AB}.Release|Any CPU.ActiveCfg = Release|Any CPU
		{CE8DF78D-DA7B-40D9-9628-D718C3F0D7AB}.Release|Any CPU.Build.0 = Release|Any CPU
		{42F8A92A-E220-4A47-9F48-2775E51D45CA}.Debug|Any CPU.ActiveCfg = Debug|Any CPU
		{42F8A92A-E220-4A47-9F48-2775E51D45CA}.Debug|Any CPU.Build.0 = Debug|Any CPU
		{42F8A92A-E220-4A47-9F48-2775E51D45CA}.Release|Any CPU.ActiveCfg = Release|Any CPU
		{42F8A92A-E220-4A47-9F48-2775E51D45CA}.Release|Any CPU.Build.0 = Release|Any CPU
		{37AE9FD2-7F7D-438A-8181-1BFBD5912ED9}.Debug|Any CPU.ActiveCfg = Debug|Any CPU
		{37AE9FD2-7F7D-438A-8181-1BFBD5912ED9}.Debug|Any CPU.Build.0 = Debug|Any CPU
		{37AE9FD2-7F7D-438A-8181-1BFBD5912ED9}.Release|Any CPU.ActiveCfg = Release|Any CPU
		{37AE9FD2-7F7D-438A-8181-1BFBD5912ED9}.Release|Any CPU.Build.0 = Release|Any CPU
		{4A8D8F26-7C9A-40D2-A245-5EABF371AAB7}.Debug|Any CPU.ActiveCfg = Debug|Any CPU
		{4A8D8F26-7C9A-40D2-A245-5EABF371AAB7}.Debug|Any CPU.Build.0 = Debug|Any CPU
		{4A8D8F26-7C9A-40D2-A245-5EABF371AAB7}.Release|Any CPU.ActiveCfg = Release|Any CPU
		{4A8D8F26-7C9A-40D2-A245-5EABF371AAB7}.Release|Any CPU.Build.0 = Release|Any CPU
		{6863D112-F4EF-4556-85B8-35DFDE394632}.Debug|Any CPU.ActiveCfg = Debug|Any CPU
		{6863D112-F4EF-4556-85B8-35DFDE394632}.Debug|Any CPU.Build.0 = Debug|Any CPU
		{6863D112-F4EF-4556-85B8-35DFDE394632}.Release|Any CPU.ActiveCfg = Release|Any CPU
		{6863D112-F4EF-4556-85B8-35DFDE394632}.Release|Any CPU.Build.0 = Release|Any CPU
		{74E4FF92-511A-4A59-AC25-6D2A629926A6}.Debug|Any CPU.ActiveCfg = Debug|Any CPU
		{74E4FF92-511A-4A59-AC25-6D2A629926A6}.Debug|Any CPU.Build.0 = Debug|Any CPU
		{74E4FF92-511A-4A59-AC25-6D2A629926A6}.Release|Any CPU.ActiveCfg = Release|Any CPU
		{74E4FF92-511A-4A59-AC25-6D2A629926A6}.Release|Any CPU.Build.0 = Release|Any CPU
		{2408F632-C5DD-4911-A5A2-45887690E6F2}.Debug|Any CPU.ActiveCfg = Debug|Any CPU
		{2408F632-C5DD-4911-A5A2-45887690E6F2}.Debug|Any CPU.Build.0 = Debug|Any CPU
		{2408F632-C5DD-4911-A5A2-45887690E6F2}.Release|Any CPU.ActiveCfg = Release|Any CPU
		{2408F632-C5DD-4911-A5A2-45887690E6F2}.Release|Any CPU.Build.0 = Release|Any CPU
	EndGlobalSection
	GlobalSection(SolutionProperties) = preSolution
		HideSolutionNode = FALSE
	EndGlobalSection
	GlobalSection(NestedProjects) = preSolution
		{BF183216-08D5-4F66-9922-CA589F50DECB} = {D7102B7A-7629-40F9-9629-B0EFB4557916}
		{B37AB419-19F2-4A43-A324-40E38C75905E} = {3CD39457-ADB2-4C05-A3E0-3F9A8199AE0F}
		{BEBE266F-EBFA-40AB-958E-69B0CF165831} = {D7102B7A-7629-40F9-9629-B0EFB4557916}
		{841B92D6-064B-44D3-9ACC-31ADFC6BFE3B} = {D7102B7A-7629-40F9-9629-B0EFB4557916}
		{C111216C-28DA-4BF8-BB54-47402002CB6F} = {D7102B7A-7629-40F9-9629-B0EFB4557916}
		{E0912ECA-506A-4D1A-8395-4F309CAFD276} = {D7102B7A-7629-40F9-9629-B0EFB4557916}
		{CE8DF78D-DA7B-40D9-9628-D718C3F0D7AB} = {789CEC96-B83B-425B-8FDB-496482B71D08}
		{78638CAE-7B3C-44BA-89C4-4BBF27C71E83} = {3CD39457-ADB2-4C05-A3E0-3F9A8199AE0F}
		{789CEC96-B83B-425B-8FDB-496482B71D08} = {78638CAE-7B3C-44BA-89C4-4BBF27C71E83}
		{CECDEBF8-F8DC-4F80-A3CB-C4074041E752} = {78638CAE-7B3C-44BA-89C4-4BBF27C71E83}
		{42F8A92A-E220-4A47-9F48-2775E51D45CA} = {CECDEBF8-F8DC-4F80-A3CB-C4074041E752}
		{37AE9FD2-7F7D-438A-8181-1BFBD5912ED9} = {97C137A5-F2B6-41C2-B0EB-4D9CAB221B51}
		{76AF666E-6C31-4574-8CCA-2ABEACD7DE15} = {3CD39457-ADB2-4C05-A3E0-3F9A8199AE0F}
		{4A8D8F26-7C9A-40D2-A245-5EABF371AAB7} = {76AF666E-6C31-4574-8CCA-2ABEACD7DE15}
		{23B2EE0E-5B15-44B7-8E5C-61C654166F22} = {3CD39457-ADB2-4C05-A3E0-3F9A8199AE0F}
		{6863D112-F4EF-4556-85B8-35DFDE394632} = {23B2EE0E-5B15-44B7-8E5C-61C654166F22}
		{74E4FF92-511A-4A59-AC25-6D2A629926A6} = {5805B42A-B06D-4E13-A8B0-F0BE11897174}
		{5805B42A-B06D-4E13-A8B0-F0BE11897174} = {76AF666E-6C31-4574-8CCA-2ABEACD7DE15}
		{225F21FC-8A10-48A6-BB16-FF60DBD0CD4E} = {76AF666E-6C31-4574-8CCA-2ABEACD7DE15}
		{2408F632-C5DD-4911-A5A2-45887690E6F2} = {225F21FC-8A10-48A6-BB16-FF60DBD0CD4E}
	EndGlobalSection
	GlobalSection(ExtensibilityGlobals) = postSolution
		SolutionGuid = {96F3C506-656A-4D85-8A95-8D412E90AC27}
	EndGlobalSection
EndGlobal
